<?xml version="1.0"?>
<CONFIG>
  <ProjectOptions>
    <Version Value="7"/>
    <General>
      <Flags>
        <LRSInOutputDirectory Value="False"/>
      </Flags>
      <MainUnit Value="0"/>
      <TargetFileExt Value=".exe"/>
      <UseXPManifest Value="True"/>
      <ActiveEditorIndexAtStart Value="0"/>
    </General>
    <VersionInfo>
      <ProjectVersion Value=""/>
    </VersionInfo>
    <PublishOptions>
      <Version Value="2"/>
      <IgnoreBinaries Value="False"/>
      <IncludeFileFilter Value="*.(pas|pp|inc|lfm|lpr|lrs|lpi|lpk|sh|xml)"/>
      <ExcludeFileFilter Value="*.(bak|ppu|ppw|o|so);*~;backup"/>
    </PublishOptions>
    <RunParams>
      <local>
        <FormatVersion Value="1"/>
        <LaunchingApplication PathPlusParams="/usr/X11R6/bin/xterm -T 'Lazarus Run Output' -e $(LazarusDir)/tools/runwait.sh $(TargetCmdLine)"/>
      </local>
    </RunParams>
    <RequiredPackages Count="1">
      <Item1>
        <PackageName Value="LCL"/>
      </Item1>
    </RequiredPackages>
    <Units Count="45">
      <Unit0>
        <Filename Value="simple_laz.lpr"/>
        <IsPartOfProject Value="True"/>
        <UnitName Value="simple_laz"/>
        <CursorPos X="22" Y="25"/>
        <TopLine Value="1"/>
        <EditorIndex Value="16"/>
        <UsageCount Value="52"/>
        <Loaded Value="True"/>
      </Unit0>
      <Unit1>
        <Filename Value="main_laz.pas"/>
        <IsPartOfProject Value="True"/>
        <ComponentName Value="frmMain"/>
        <ResourceBaseClass Value="Form"/>
        <UnitName Value="main_laz"/>
        <CursorPos X="13" Y="271"/>
        <TopLine Value="252"/>
        <EditorIndex Value="0"/>
        <UsageCount Value="52"/>
        <Loaded Value="True"/>
      </Unit1>
      <Unit2>
        <Filename Value="../../../../../Lazarus/lcl/include/application.inc"/>
        <CursorPos X="1" Y="1181"/>
        <TopLine Value="1160"/>
        <UsageCount Value="9"/>
      </Unit2>
      <Unit3>
        <Filename Value="../../src/AuAudio.pas"/>
        <UnitName Value="AuAudio"/>
        <CursorPos X="21" Y="46"/>
        <TopLine Value="112"/>
        <UsageCount Value="22"/>
      </Unit3>
      <Unit4>
        <Filename Value="../../src/AuDriverClasses.pas"/>
        <UnitName Value="AuDriverClasses"/>
        <CursorPos X="3" Y="45"/>
        <TopLine Value="24"/>
        <UsageCount Value="21"/>
      </Unit4>
      <Unit5>
        <Filename Value="../../src/AuSyncUtils.pas"/>
        <UnitName Value="AuSyncUtils"/>
        <CursorPos X="22" Y="47"/>
        <TopLine Value="21"/>
        <UsageCount Value="22"/>
      </Unit5>
      <Unit6>
        <Filename Value="../../src/AuAnalyzerClasses.pas"/>
        <UnitName Value="AuAnalyzerClasses"/>
        <CursorPos X="1" Y="1"/>
        <TopLine Value="1"/>
        <EditorIndex Value="12"/>
        <UsageCount Value="24"/>
        <Loaded Value="True"/>
      </Unit6>
      <Unit7>
        <Filename Value="../../src/decoders/AuAcinerella.pas"/>
        <UnitName Value="AuAcinerella"/>
        <CursorPos X="24" Y="101"/>
        <TopLine Value="78"/>
        <EditorIndex Value="7"/>
        <UsageCount Value="24"/>
        <Loaded Value="True"/>
      </Unit7>
      <Unit8>
        <Filename Value="../../../../../Lazarus/lcl/comctrls.pp"/>
        <UnitName Value="ComCtrls"/>
        <CursorPos X="3" Y="1059"/>
        <TopLine Value="1014"/>
        <UsageCount Value="9"/>
      </Unit8>
      <Unit9>
        <Filename Value="../../src/AuFilterGraph.pas"/>
        <UnitName Value="AuFiltergraph"/>
        <CursorPos X="1" Y="906"/>
        <TopLine Value="888"/>
        <EditorIndex Value="15"/>
        <UsageCount Value="25"/>
        <Loaded Value="True"/>
      </Unit9>
      <Unit10>
        <Filename Value="../../src/AuAnalyzers.pas"/>
        <UnitName Value="AuAnalyzers"/>
        <CursorPos X="33" Y="47"/>
        <TopLine Value="16"/>
        <EditorIndex Value="9"/>
        <UsageCount Value="23"/>
        <Loaded Value="True"/>
      </Unit10>
      <Unit11>
        <Filename Value="../../../../../Lazarus/lcl/include/winapih.inc"/>
        <CursorPos X="10" Y="45"/>
        <TopLine Value="267"/>
        <UsageCount Value="9"/>
      </Unit11>
      <Unit12>
        <Filename Value="../../../../../Lazarus/lcl/lclintf.pas"/>
        <UnitName Value="LCLIntf"/>
        <CursorPos X="93" Y="70"/>
        <TopLine Value="13"/>
        <UsageCount Value="9"/>
      </Unit12>
      <Unit13>
        <Filename Value="../../../../../Lazarus/lcl/customtimer.pas"/>
        <UnitName Value="CustomTimer"/>
        <CursorPos X="1" Y="183"/>
        <TopLine Value="162"/>
        <UsageCount Value="9"/>
      </Unit13>
      <Unit14>
        <Filename Value="../../src/decoders/AuWAV.pas"/>
        <UnitName Value="AuWAV"/>
        <CursorPos X="16" Y="66"/>
        <TopLine Value="42"/>
        <UsageCount Value="17"/>
      </Unit14>
      <Unit15>
        <Filename Value="../../../andorra/src/common/AcPersistent.pas"/>
        <UnitName Value="AcPersistent"/>
        <CursorPos X="26" Y="487"/>
        <TopLine Value="471"/>
        <UsageCount Value="10"/>
      </Unit15>
      <Unit16>
        <Filename Value="../../../../../Lazarus/fpc/2.2.2/source/rtl/inc/heaph.inc"/>
        <CursorPos X="3" Y="39"/>
        <TopLine Value="18"/>
        <UsageCount Value="9"/>
      </Unit16>
      <Unit17>
        <Filename Value="../../../andorra/src/common/AcContainers.pas"/>
        <UnitName Value="AcContainers"/>
        <CursorPos X="34" Y="503"/>
        <TopLine Value="481"/>
        <UsageCount Value="10"/>
      </Unit17>
      <Unit18>
        <Filename Value="../../../andorra/src/common/AcStream.pas"/>
        <UnitName Value="AcStream"/>
        <CursorPos X="28" Y="83"/>
        <TopLine Value="62"/>
        <UsageCount Value="10"/>
      </Unit18>
      <Unit19>
        <Filename Value="../../../andorra/src/common/AcDataStore.pas"/>
        <UnitName Value="AcDataStore"/>
        <CursorPos X="24" Y="1361"/>
        <TopLine Value="1340"/>
        <UsageCount Value="10"/>
      </Unit19>
      <Unit20>
        <Filename Value="../../../andorra/src/common/AcSysUtils.pas"/>
        <UnitName Value="AcSysUtils"/>
        <CursorPos X="32" Y="107"/>
        <TopLine Value="86"/>
        <UsageCount Value="10"/>
      </Unit20>
      <Unit21>
        <Filename Value="../../src/AuFFT.pas"/>
        <UnitName Value="AuFFT"/>
        <CursorPos X="18" Y="230"/>
        <TopLine Value="209"/>
        <UsageCount Value="17"/>
      </Unit21>
      <Unit22>
        <Filename Value="../../src/AuComplex.pas"/>
        <UnitName Value="AuComplex"/>
        <CursorPos X="1" Y="1"/>
        <TopLine Value="1"/>
        <EditorIndex Value="14"/>
        <UsageCount Value="20"/>
        <Loaded Value="True"/>
      </Unit22>
      <Unit23>
        <Filename Value="../../src/AuMessages.pas"/>
        <UnitName Value="AuMessages"/>
        <CursorPos X="1" Y="1"/>
        <TopLine Value="2"/>
        <UsageCount Value="11"/>
      </Unit23>
      <Unit24>
        <Filename Value="../../lib/openal.pas"/>
        <UnitName Value="openal"/>
        <CursorPos X="14" Y="39"/>
        <TopLine Value="21"/>
        <UsageCount Value="11"/>
      </Unit24>
      <Unit25>
        <Filename Value="../../src/drivers/AuOpenAL.pas"/>
        <UnitName Value="AuOpenAL"/>
        <CursorPos X="1" Y="344"/>
        <TopLine Value="309"/>
        <EditorIndex Value="10"/>
        <UsageCount Value="14"/>
        <Loaded Value="True"/>
      </Unit25>
      <Unit26>
        <Filename Value="../../../common/AcSysUtils.pas"/>
        <UnitName Value="AcSysUtils"/>
        <CursorPos X="43" Y="122"/>
        <TopLine Value="65"/>
        <UsageCount Value="11"/>
      </Unit26>
      <Unit27>
        <Filename Value="../../common/AcTypes.pas"/>
        <UnitName Value="AcTypes"/>
        <CursorPos X="1" Y="99"/>
        <TopLine Value="32"/>
        <UsageCount Value="10"/>
      </Unit27>
      <Unit28>
        <Filename Value="../../src/AuUtils.pas"/>
        <UnitName Value="AuUtils"/>
        <CursorPos X="1" Y="204"/>
        <TopLine Value="186"/>
        <EditorIndex Value="11"/>
        <UsageCount Value="13"/>
        <Loaded Value="True"/>
      </Unit28>
      <Unit29>
        <Filename Value="../../src/AuEffects.pas"/>
        <UnitName Value="AuEffects"/>
        <CursorPos X="8" Y="41"/>
        <TopLine Value="17"/>
        <EditorIndex Value="13"/>
        <UsageCount Value="13"/>
        <Loaded Value="True"/>
      </Unit29>
      <Unit30>
        <Filename Value="../../../../../../../../../Programme/Lazarus/lcl/include/rasterimage.inc"/>
        <CursorPos X="1" Y="509"/>
        <TopLine Value="491"/>
        <UsageCount Value="10"/>
      </Unit30>
      <Unit31>
        <Filename Value="../../src/AuAudio2.pas"/>
        <UnitName Value="AuAudio2"/>
        <CursorPos X="1" Y="967"/>
        <TopLine Value="949"/>
        <UsageCount Value="13"/>
      </Unit31>
      <Unit32>
        <Filename Value="../../lib/acinerella.pas"/>
        <UnitName Value="acinerella"/>
        <CursorPos X="15" Y="252"/>
        <TopLine Value="242"/>
        <EditorIndex Value="8"/>
        <UsageCount Value="13"/>
        <Loaded Value="True"/>
      </Unit32>
      <Unit33>
        <Filename Value="../../src/drivers/AuWin32Common.pas"/>
        <UnitName Value="AuWin32Common"/>
        <CursorPos X="1" Y="119"/>
        <TopLine Value="84"/>
        <UsageCount Value="10"/>
      </Unit33>
      <Unit34>
        <Filename Value="../../../andorracommons/AcNotify.pas"/>
        <UnitName Value="AcNotify"/>
        <CursorPos X="23" Y="16"/>
        <TopLine Value="1"/>
        <EditorIndex Value="6"/>
        <UsageCount Value="13"/>
        <Loaded Value="True"/>
      </Unit34>
      <Unit35>
        <Filename Value="../../../../../../../../../Programme/Lazarus/fpc/2.2.4/source/rtl/win32/classes.pp"/>
        <UnitName Value="Classes"/>
        <CursorPos X="10" Y="198"/>
        <TopLine Value="163"/>
        <EditorIndex Value="2"/>
        <UsageCount Value="13"/>
        <Loaded Value="True"/>
      </Unit35>
      <Unit36>
        <Filename Value="../../../../../../../../../Programme/Lazarus/fpc/2.2.4/source/rtl/objpas/classes/classes.inc"/>
        <CursorPos X="11" Y="1636"/>
        <TopLine Value="1618"/>
        <EditorIndex Value="3"/>
        <UsageCount Value="13"/>
        <Loaded Value="True"/>
      </Unit36>
      <Unit37>
        <Filename Value="../../../../../../../../../Programme/Lazarus/lcl/interfaces/win32/interfaces.pp"/>
        <UnitName Value="Interfaces"/>
        <CursorPos X="13" Y="32"/>
        <TopLine Value="10"/>
        <UsageCount Value="10"/>
      </Unit37>
      <Unit38>
        <Filename Value="../../../../../../../../../Programme/Lazarus/lcl/interfacebase.pp"/>
        <UnitName Value="InterfaceBase"/>
        <CursorPos X="70" Y="36"/>
        <TopLine Value="11"/>
        <UsageCount Value="10"/>
      </Unit38>
      <Unit39>
        <Filename Value="../../../../../../../../../Programme/Lazarus/lcl/lmessages.pp"/>
        <UnitName Value="LMessages"/>
        <CursorPos X="1" Y="1"/>
        <TopLine Value="943"/>
        <UsageCount Value="10"/>
      </Unit39>
      <Unit40>
        <Filename Value="../../../andorracommons/AcPersistent.pas"/>
        <UnitName Value="AcPersistent"/>
        <CursorPos X="15" Y="600"/>
        <TopLine Value="582"/>
        <EditorIndex Value="1"/>
        <UsageCount Value="11"/>
        <Loaded Value="True"/>
      </Unit40>
      <Unit41>
        <Filename Value="../../src/drivers/AuDirectSound.pas"/>
        <UnitName Value="AuDirectSound"/>
        <CursorPos X="11" Y="379"/>
        <TopLine Value="355"/>
        <EditorIndex Value="4"/>
        <UsageCount Value="11"/>
        <Loaded Value="True"/>
      </Unit41>
      <Unit42>
        <Filename Value="../../src/AuDecoderClasses.pas"/>
        <UnitName Value="AuDecoderClasses"/>
        <CursorPos X="1" Y="282"/>
        <TopLine Value="249"/>
        <EditorIndex Value="5"/>
        <UsageCount Value="11"/>
        <Loaded Value="True"/>
      </Unit42>
      <Unit43>
        <Filename Value="../../src/AuFilterGraph2.pas"/>
        <UnitName Value="AuFiltergraph2"/>
        <CursorPos X="36" Y="42"/>
        <TopLine Value="27"/>
        <UsageCount Value="11"/>
      </Unit43>
      <Unit44>
        <Filename Value="../../../andorracommons/AcTypes.pas"/>
        <UnitName Value="AcTypes"/>
        <CursorPos X="1" Y="1"/>
        <TopLine Value="58"/>
        <UsageCount Value="10"/>
      </Unit44>
    </Units>
    <JumpHistory Count="30" HistoryIndex="29">
      <Position1>
        <Filename Value="../../src/decoders/AuAcinerella.pas"/>
        <Caret Line="126" Column="1" TopLine="108"/>
      </Position1>
      <Position2>
        <Filename Value="../../src/AuDecoderClasses.pas"/>
        <Caret Line="139" Column="1" TopLine="121"/>
      </Position2>
      <Position3>
        <Filename Value="../../src/AuDecoderClasses.pas"/>
        <Caret Line="141" Column="1" TopLine="123"/>
      </Position3>
      <Position4>
        <Filename Value="../../src/AuDecoderClasses.pas"/>
        <Caret Line="277" Column="1" TopLine="249"/>
      </Position4>
      <Position5>
        <Filename Value="../../src/AuDecoderClasses.pas"/>
        <Caret Line="280" Column="1" TopLine="249"/>
      </Position5>
      <Position6>
        <Filename Value="../../src/AuDecoderClasses.pas"/>
        <Caret Line="282" Column="1" TopLine="249"/>
      </Position6>
      <Position7>
        <Filename Value="../../src/decoders/AuAcinerella.pas"/>
        <Caret Line="170" Column="1" TopLine="164"/>
      </Position7>
      <Position8>
        <Filename Value="../../src/decoders/AuAcinerella.pas"/>
        <Caret Line="172" Column="1" TopLine="154"/>
      </Position8>
      <Position9>
        <Filename Value="../../src/decoders/AuAcinerella.pas"/>
        <Caret Line="175" Column="1" TopLine="166"/>
      </Position9>
      <Position10>
        <Filename Value="../../src/decoders/AuAcinerella.pas"/>
        <Caret Line="182" Column="1" TopLine="167"/>
      </Position10>
      <Position11>
        <Filename Value="../../src/decoders/AuAcinerella.pas"/>
        <Caret Line="183" Column="1" TopLine="165"/>
      </Position11>
      <Position12>
        <Filename Value="../../src/decoders/AuAcinerella.pas"/>
        <Caret Line="186" Column="1" TopLine="168"/>
      </Position12>
      <Position13>
        <Filename Value="../../src/decoders/AuAcinerella.pas"/>
        <Caret Line="183" Column="30" TopLine="163"/>
      </Position13>
      <Position14>
        <Filename Value="../../src/decoders/AuAcinerella.pas"/>
        <Caret Line="103" Column="1" TopLine="85"/>
      </Position14>
      <Position15>
        <Filename Value="../../src/decoders/AuAcinerella.pas"/>
        <Caret Line="170" Column="1" TopLine="152"/>
      </Position15>
      <Position16>
        <Filename Value="../../src/decoders/AuAcinerella.pas"/>
        <Caret Line="186" Column="1" TopLine="168"/>
      </Position16>
      <Position17>
        <Filename Value="../../src/decoders/AuAcinerella.pas"/>
        <Caret Line="176" Column="31" TopLine="163"/>
      </Position17>
      <Position18>
        <Filename Value="../../src/decoders/AuAcinerella.pas"/>
        <Caret Line="103" Column="1" TopLine="85"/>
      </Position18>
      <Position19>
        <Filename Value="../../src/decoders/AuAcinerella.pas"/>
        <Caret Line="170" Column="1" TopLine="152"/>
      </Position19>
      <Position20>
        <Filename Value="../../../andorracommons/AcNotify.pas"/>
        <Caret Line="414" Column="11" TopLine="411"/>
      </Position20>
      <Position21>
        <Filename Value="../../../andorracommons/AcNotify.pas"/>
        <Caret Line="438" Column="1" TopLine="420"/>
      </Position21>
      <Position22>
        <Filename Value="main_laz.pas"/>
        <Caret Line="12" Column="51" TopLine="1"/>
      </Position22>
      <Position23>
        <Filename Value="../../src/drivers/AuDirectSound.pas"/>
        <Caret Line="46" Column="12" TopLine="28"/>
      </Position23>
      <Position24>
        <Filename Value="../../src/drivers/AuDirectSound.pas"/>
        <Caret Line="394" Column="47" TopLine="361"/>
      </Position24>
      <Position25>
        <Filename Value="main_laz.pas"/>
        <Caret Line="17" Column="18" TopLine="1"/>
      </Position25>
      <Position26>
        <Filename Value="../../../andorracommons/AcPersistent.pas"/>
        <Caret Line="604" Column="15" TopLine="586"/>
      </Position26>
      <Position27>
        <Filename Value="../../../andorracommons/AcPersistent.pas"/>
        <Caret Line="45" Column="6" TopLine="19"/>
      </Position27>
      <Position28>
        <Filename Value="../../src/drivers/AuDirectSound.pas"/>
        <Caret Line="394" Column="47" TopLine="361"/>
      </Position28>
      <Position29>
        <Filename Value="main_laz.pas"/>
        <Caret Line="104" Column="27" TopLine="86"/>
      </Position29>
      <Position30>
        <Filename Value="main_laz.pas"/>
        <Caret Line="444" Column="37" TopLine="423"/>
      </Position30>
    </JumpHistory>
  </ProjectOptions>
  <CompilerOptions>
    <Version Value="8"/>
    <Target>
      <Filename Value="../../bin/simple.exe"/>
    </Target>
    <SearchPaths>
      <IncludeFiles Value="../../../andorracommons/;../../src/"/>
      <OtherUnitFiles Value="../../src/;../../lib/;../../src/drivers/;../../src/decoders/;../../src/protocols/;../../../andorracommons/"/>
      <UnitOutputDirectory Value="../../src/dcu"/>
    </SearchPaths>
    <Parsing>
      <SyntaxOptions>
        <CStyleOperator Value="False"/>
      </SyntaxOptions>
    </Parsing>
    <Linking>
      <Debugging>
        <GenerateDebugInfo Value="True"/>
        <UseValgrind Value="True"/>
        <StripSymbols Value="True"/>
      </Debugging>
      <LinkSmart Value="True"/>
      <Options>
        <Win32>
          <GraphicApplication Value="True"/>
        </Win32>
      </Options>
    </Linking>
    <Other>
      <Verbosity>
        <ShowNotes Value="False"/>
      </Verbosity>
      <CompilerPath Value="$(CompPath)"/>
    </Other>
  </CompilerOptions>
  <Debugging>
    <Exceptions Count="2">
      <Item1>
        <Name Value="ECodetoolError"/>
      </Item1>
      <Item2>
        <Name Value="EFOpenError"/>
      </Item2>
    </Exceptions>
  </Debugging>
</CONFIG>
