<?xml version="1.0"?>
<CONFIG>
  <ProjectOptions>
    <Version Value="7"/>
    <General>
      <Flags>
        <LRSInOutputDirectory Value="False"/>
      </Flags>
      <MainUnit Value="0"/>
      <TargetFileExt Value=".exe"/>
      <UseXPManifest Value="True"/>
      <ActiveEditorIndexAtStart Value="0"/>
    </General>
    <VersionInfo>
      <ProjectVersion Value=""/>
    </VersionInfo>
    <PublishOptions>
      <Version Value="2"/>
      <IgnoreBinaries Value="False"/>
      <IncludeFileFilter Value="*.(pas|pp|inc|lfm|lpr|lrs|lpi|lpk|sh|xml)"/>
      <ExcludeFileFilter Value="*.(bak|ppu|ppw|o|so);*~;backup"/>
    </PublishOptions>
    <RunParams>
      <local>
        <FormatVersion Value="1"/>
        <LaunchingApplication PathPlusParams="/usr/X11R6/bin/xterm -T 'Lazarus Run Output' -e $(LazarusDir)/tools/runwait.sh $(TargetCmdLine)"/>
      </local>
    </RunParams>
    <RequiredPackages Count="1">
      <Item1>
        <PackageName Value="LCL"/>
      </Item1>
    </RequiredPackages>
    <Units Count="31">
      <Unit0>
        <Filename Value="simple_laz.lpr"/>
        <IsPartOfProject Value="True"/>
        <UnitName Value="simple_laz"/>
        <CursorPos X="1" Y="21"/>
        <TopLine Value="1"/>
        <EditorIndex Value="11"/>
        <UsageCount Value="44"/>
        <Loaded Value="True"/>
      </Unit0>
      <Unit1>
        <Filename Value="main_laz.pas"/>
        <IsPartOfProject Value="True"/>
        <ComponentName Value="frmMain"/>
        <ResourceBaseClass Value="Form"/>
        <UnitName Value="main_laz"/>
        <CursorPos X="28" Y="212"/>
        <TopLine Value="178"/>
        <EditorIndex Value="0"/>
        <UsageCount Value="44"/>
        <Loaded Value="True"/>
      </Unit1>
      <Unit2>
        <Filename Value="../../../../../Lazarus/lcl/include/application.inc"/>
        <CursorPos X="1" Y="1181"/>
        <TopLine Value="1160"/>
        <UsageCount Value="9"/>
      </Unit2>
      <Unit3>
        <Filename Value="../../src/AuAudio.pas"/>
        <UnitName Value="AuAudio"/>
        <CursorPos X="21" Y="46"/>
        <TopLine Value="22"/>
        <EditorIndex Value="3"/>
        <UsageCount Value="22"/>
        <Loaded Value="True"/>
      </Unit3>
      <Unit4>
        <Filename Value="../../src/AuDriverClasses.pas"/>
        <UnitName Value="AuDriverClasses"/>
        <CursorPos X="3" Y="45"/>
        <TopLine Value="24"/>
        <UsageCount Value="21"/>
      </Unit4>
      <Unit5>
        <Filename Value="../../src/AuSyncUtils.pas"/>
        <UnitName Value="AuSyncUtils"/>
        <CursorPos X="22" Y="47"/>
        <TopLine Value="21"/>
        <EditorIndex Value="10"/>
        <UsageCount Value="22"/>
        <Loaded Value="True"/>
      </Unit5>
      <Unit6>
        <Filename Value="../../src/AuAnalyzerClasses.pas"/>
        <UnitName Value="AuAnalyzerClasses"/>
        <CursorPos X="1" Y="117"/>
        <TopLine Value="99"/>
        <EditorIndex Value="6"/>
        <UsageCount Value="21"/>
        <Loaded Value="True"/>
      </Unit6>
      <Unit7>
        <Filename Value="../../src/decoders/AuAcinerella.pas"/>
        <UnitName Value="AuAcinerella"/>
        <CursorPos X="36" Y="25"/>
        <TopLine Value="1"/>
        <UsageCount Value="21"/>
      </Unit7>
      <Unit8>
        <Filename Value="../../../../../Lazarus/lcl/comctrls.pp"/>
        <UnitName Value="ComCtrls"/>
        <CursorPos X="3" Y="1059"/>
        <TopLine Value="1014"/>
        <UsageCount Value="9"/>
      </Unit8>
      <Unit9>
        <Filename Value="../../src/AuFilterGraph.pas"/>
        <UnitName Value="AuFilterGraph"/>
        <CursorPos X="1" Y="908"/>
        <TopLine Value="890"/>
        <EditorIndex Value="9"/>
        <UsageCount Value="22"/>
        <Loaded Value="True"/>
      </Unit9>
      <Unit10>
        <Filename Value="../../src/AuAnalyzers.pas"/>
        <UnitName Value="AuAnalyzers"/>
        <CursorPos X="1" Y="144"/>
        <TopLine Value="144"/>
        <EditorIndex Value="1"/>
        <UsageCount Value="20"/>
        <Loaded Value="True"/>
      </Unit10>
      <Unit11>
        <Filename Value="../../../../../Lazarus/lcl/include/winapih.inc"/>
        <CursorPos X="10" Y="45"/>
        <TopLine Value="267"/>
        <UsageCount Value="9"/>
      </Unit11>
      <Unit12>
        <Filename Value="../../../../../Lazarus/lcl/lclintf.pas"/>
        <UnitName Value="LCLIntf"/>
        <CursorPos X="93" Y="70"/>
        <TopLine Value="13"/>
        <UsageCount Value="9"/>
      </Unit12>
      <Unit13>
        <Filename Value="../../../../../Lazarus/lcl/customtimer.pas"/>
        <UnitName Value="CustomTimer"/>
        <CursorPos X="1" Y="183"/>
        <TopLine Value="162"/>
        <UsageCount Value="9"/>
      </Unit13>
      <Unit14>
        <Filename Value="../../src/decoders/AuWAV.pas"/>
        <UnitName Value="AuWAV"/>
        <CursorPos X="16" Y="66"/>
        <TopLine Value="42"/>
        <UsageCount Value="17"/>
      </Unit14>
      <Unit15>
        <Filename Value="../../../andorra/src/common/AcPersistent.pas"/>
        <UnitName Value="AcPersistent"/>
        <CursorPos X="26" Y="487"/>
        <TopLine Value="471"/>
        <UsageCount Value="10"/>
      </Unit15>
      <Unit16>
        <Filename Value="../../../../../Lazarus/fpc/2.2.2/source/rtl/inc/heaph.inc"/>
        <CursorPos X="3" Y="39"/>
        <TopLine Value="18"/>
        <UsageCount Value="9"/>
      </Unit16>
      <Unit17>
        <Filename Value="../../../andorra/src/common/AcContainers.pas"/>
        <UnitName Value="AcContainers"/>
        <CursorPos X="34" Y="503"/>
        <TopLine Value="481"/>
        <UsageCount Value="10"/>
      </Unit17>
      <Unit18>
        <Filename Value="../../../andorra/src/common/AcStream.pas"/>
        <UnitName Value="AcStream"/>
        <CursorPos X="28" Y="83"/>
        <TopLine Value="62"/>
        <UsageCount Value="10"/>
      </Unit18>
      <Unit19>
        <Filename Value="../../../andorra/src/common/AcDataStore.pas"/>
        <UnitName Value="AcDataStore"/>
        <CursorPos X="24" Y="1361"/>
        <TopLine Value="1340"/>
        <UsageCount Value="10"/>
      </Unit19>
      <Unit20>
        <Filename Value="../../../andorra/src/common/AcSysUtils.pas"/>
        <UnitName Value="AcSysUtils"/>
        <CursorPos X="32" Y="107"/>
        <TopLine Value="86"/>
        <UsageCount Value="10"/>
      </Unit20>
      <Unit21>
        <Filename Value="../../src/AuFFT.pas"/>
        <UnitName Value="AuFFT"/>
        <CursorPos X="18" Y="230"/>
        <TopLine Value="209"/>
        <UsageCount Value="17"/>
      </Unit21>
      <Unit22>
        <Filename Value="../../src/AuComplex.pas"/>
        <UnitName Value="AuComplex"/>
        <CursorPos X="1" Y="1"/>
        <TopLine Value="1"/>
        <EditorIndex Value="8"/>
        <UsageCount Value="17"/>
        <Loaded Value="True"/>
      </Unit22>
      <Unit23>
        <Filename Value="../../src/AuMessages.pas"/>
        <UnitName Value="AuMessages"/>
        <CursorPos X="1" Y="1"/>
        <TopLine Value="2"/>
        <UsageCount Value="11"/>
      </Unit23>
      <Unit24>
        <Filename Value="../../lib/openal.pas"/>
        <UnitName Value="openal"/>
        <CursorPos X="14" Y="39"/>
        <TopLine Value="21"/>
        <UsageCount Value="11"/>
      </Unit24>
      <Unit25>
        <Filename Value="../../src/drivers/AuOpenAL.pas"/>
        <UnitName Value="AuOpenAL"/>
        <CursorPos X="1" Y="344"/>
        <TopLine Value="309"/>
        <EditorIndex Value="2"/>
        <UsageCount Value="11"/>
        <Loaded Value="True"/>
      </Unit25>
      <Unit26>
        <Filename Value="../../../common/AcSysUtils.pas"/>
        <UnitName Value="AcSysUtils"/>
        <CursorPos X="43" Y="122"/>
        <TopLine Value="65"/>
        <UsageCount Value="11"/>
      </Unit26>
      <Unit27>
        <Filename Value="../../common/AcTypes.pas"/>
        <UnitName Value="AcTypes"/>
        <CursorPos X="1" Y="99"/>
        <TopLine Value="71"/>
        <EditorIndex Value="4"/>
        <UsageCount Value="10"/>
        <Loaded Value="True"/>
      </Unit27>
      <Unit28>
        <Filename Value="../../src/AuUtils.pas"/>
        <UnitName Value="AuUtils"/>
        <CursorPos X="1" Y="204"/>
        <TopLine Value="186"/>
        <EditorIndex Value="5"/>
        <UsageCount Value="10"/>
        <Loaded Value="True"/>
      </Unit28>
      <Unit29>
        <Filename Value="../../src/AuEffects.pas"/>
        <UnitName Value="AuEffects"/>
        <CursorPos X="8" Y="41"/>
        <TopLine Value="17"/>
        <EditorIndex Value="7"/>
        <UsageCount Value="10"/>
        <Loaded Value="True"/>
      </Unit29>
      <Unit30>
        <Filename Value="../../../../../../../../../Programme/Lazarus/lcl/include/rasterimage.inc"/>
        <CursorPos X="1" Y="509"/>
        <TopLine Value="491"/>
        <UsageCount Value="10"/>
      </Unit30>
    </Units>
    <JumpHistory Count="30" HistoryIndex="29">
      <Position1>
        <Filename Value="main_laz.pas"/>
        <Caret Line="377" Column="1" TopLine="359"/>
      </Position1>
      <Position2>
        <Filename Value="main_laz.pas"/>
        <Caret Line="379" Column="1" TopLine="361"/>
      </Position2>
      <Position3>
        <Filename Value="main_laz.pas"/>
        <Caret Line="382" Column="1" TopLine="364"/>
      </Position3>
      <Position4>
        <Filename Value="main_laz.pas"/>
        <Caret Line="384" Column="1" TopLine="366"/>
      </Position4>
      <Position5>
        <Filename Value="main_laz.pas"/>
        <Caret Line="386" Column="1" TopLine="368"/>
      </Position5>
      <Position6>
        <Filename Value="main_laz.pas"/>
        <Caret Line="387" Column="1" TopLine="369"/>
      </Position6>
      <Position7>
        <Filename Value="main_laz.pas"/>
        <Caret Line="388" Column="1" TopLine="370"/>
      </Position7>
      <Position8>
        <Filename Value="main_laz.pas"/>
        <Caret Line="384" Column="1" TopLine="366"/>
      </Position8>
      <Position9>
        <Filename Value="main_laz.pas"/>
        <Caret Line="386" Column="1" TopLine="368"/>
      </Position9>
      <Position10>
        <Filename Value="main_laz.pas"/>
        <Caret Line="387" Column="1" TopLine="369"/>
      </Position10>
      <Position11>
        <Filename Value="main_laz.pas"/>
        <Caret Line="277" Column="1" TopLine="250"/>
      </Position11>
      <Position12>
        <Filename Value="main_laz.pas"/>
        <Caret Line="268" Column="1" TopLine="250"/>
      </Position12>
      <Position13>
        <Filename Value="../../src/AuAnalyzers.pas"/>
        <Caret Line="119" Column="1" TopLine="110"/>
      </Position13>
      <Position14>
        <Filename Value="../../src/AuAnalyzers.pas"/>
        <Caret Line="121" Column="1" TopLine="109"/>
      </Position14>
      <Position15>
        <Filename Value="../../src/AuAnalyzers.pas"/>
        <Caret Line="123" Column="1" TopLine="105"/>
      </Position15>
      <Position16>
        <Filename Value="../../src/AuAnalyzers.pas"/>
        <Caret Line="124" Column="1" TopLine="115"/>
      </Position16>
      <Position17>
        <Filename Value="../../src/AuAnalyzers.pas"/>
        <Caret Line="125" Column="1" TopLine="107"/>
      </Position17>
      <Position18>
        <Filename Value="main_laz.pas"/>
        <Caret Line="268" Column="42" TopLine="250"/>
      </Position18>
      <Position19>
        <Filename Value="main_laz.pas"/>
        <Caret Line="12" Column="7" TopLine="1"/>
      </Position19>
      <Position20>
        <Filename Value="../../src/AuAudio.pas"/>
        <Caret Line="46" Column="21" TopLine="22"/>
      </Position20>
      <Position21>
        <Filename Value="../../src/AuFilterGraph.pas"/>
        <Caret Line="1" Column="1" TopLine="889"/>
      </Position21>
      <Position22>
        <Filename Value="../../src/AuFilterGraph.pas"/>
        <Caret Line="906" Column="1" TopLine="888"/>
      </Position22>
      <Position23>
        <Filename Value="../../src/AuFilterGraph.pas"/>
        <Caret Line="907" Column="1" TopLine="889"/>
      </Position23>
      <Position24>
        <Filename Value="../../src/AuFilterGraph.pas"/>
        <Caret Line="908" Column="1" TopLine="890"/>
      </Position24>
      <Position25>
        <Filename Value="../../src/AuUtils.pas"/>
        <Caret Line="203" Column="1" TopLine="185"/>
      </Position25>
      <Position26>
        <Filename Value="../../src/AuUtils.pas"/>
        <Caret Line="204" Column="1" TopLine="186"/>
      </Position26>
      <Position27>
        <Filename Value="../../src/AuAnalyzerClasses.pas"/>
        <Caret Line="155" Column="1" TopLine="137"/>
      </Position27>
      <Position28>
        <Filename Value="../../src/AuAnalyzerClasses.pas"/>
        <Caret Line="156" Column="1" TopLine="138"/>
      </Position28>
      <Position29>
        <Filename Value="../../src/AuAnalyzerClasses.pas"/>
        <Caret Line="161" Column="1" TopLine="141"/>
      </Position29>
      <Position30>
        <Filename Value="../../src/AuAnalyzerClasses.pas"/>
        <Caret Line="162" Column="1" TopLine="141"/>
      </Position30>
    </JumpHistory>
  </ProjectOptions>
  <CompilerOptions>
    <Version Value="8"/>
    <Target>
      <Filename Value="../../bin/simple.exe"/>
    </Target>
    <SearchPaths>
      <IncludeFiles Value="../../common/;../../src/"/>
      <OtherUnitFiles Value="../../src/;../../lib/;../../src/drivers/;../../src/decoders/;../../src/protocols/;../../common/"/>
      <UnitOutputDirectory Value="../../src/dcu"/>
    </SearchPaths>
    <Parsing>
      <SyntaxOptions>
        <CStyleOperator Value="False"/>
      </SyntaxOptions>
    </Parsing>
    <Linking>
      <Debugging>
        <GenerateDebugInfo Value="True"/>
        <UseValgrind Value="True"/>
        <StripSymbols Value="True"/>
      </Debugging>
      <LinkSmart Value="True"/>
      <Options>
        <Win32>
          <GraphicApplication Value="True"/>
        </Win32>
      </Options>
    </Linking>
    <Other>
      <Verbosity>
        <ShowNotes Value="False"/>
      </Verbosity>
      <CompilerPath Value="$(CompPath)"/>
    </Other>
  </CompilerOptions>
  <Debugging>
    <BreakPoints Count="2">
      <Item1>
        <Source Value="../../src/AuAnalyzers.pas"/>
        <Line Value="163"/>
      </Item1>
      <Item2>
        <Source Value="../../src/AuFilterGraph.pas"/>
        <Line Value="906"/>
      </Item2>
    </BreakPoints>
    <Exceptions Count="2">
      <Item1>
        <Name Value="ECodetoolError"/>
      </Item1>
      <Item2>
        <Name Value="EFOpenError"/>
      </Item2>
    </Exceptions>
  </Debugging>
</CONFIG>
