<?xml version="1.0"?>
<CONFIG>
  <ProjectOptions>
    <Version Value="7"/>
    <General>
      <Flags>
        <MainUnitHasCreateFormStatements Value="False"/>
        <MainUnitHasTitleStatement Value="False"/>
      </Flags>
      <MainUnit Value="0"/>
      <TargetFileExt Value=""/>
      <Icon Value="0"/>
      <UseXPManifest Value="True"/>
      <ActiveEditorIndexAtStart Value="0"/>
    </General>
    <VersionInfo>
      <Language Value=""/>
      <CharSet Value=""/>
    </VersionInfo>
    <PublishOptions>
      <Version Value="2"/>
      <IgnoreBinaries Value="False"/>
      <IncludeFileFilter Value="*.(pas|pp|inc|lfm|lpr|lrs|lpi|lpk|sh|xml)"/>
      <ExcludeFileFilter Value="*.(bak|ppu|ppw|o|so);*~;backup"/>
    </PublishOptions>
    <RunParams>
      <local>
        <FormatVersion Value="1"/>
        <LaunchingApplication PathPlusParams="/usr/X11R6/bin/xterm -T 'Lazarus Run Output' -e $(LazarusDir)/tools/runwait.sh $(TargetCmdLine)"/>
      </local>
    </RunParams>
    <Units Count="12">
      <Unit0>
        <Filename Value="consolebased.dpr"/>
        <IsPartOfProject Value="True"/>
        <UnitName Value="consolebased"/>
        <CursorPos X="21" Y="138"/>
        <TopLine Value="119"/>
        <EditorIndex Value="0"/>
        <UsageCount Value="25"/>
        <Loaded Value="True"/>
      </Unit0>
      <Unit1>
        <Filename Value="../../src/drivers/AuALSA.pas"/>
        <UnitName Value="AuALSA"/>
        <CursorPos X="26" Y="115"/>
        <TopLine Value="91"/>
        <EditorIndex Value="1"/>
        <UsageCount Value="12"/>
        <Loaded Value="True"/>
      </Unit1>
      <Unit2>
        <Filename Value="../../../andorracommons/AcPersistent.pas"/>
        <UnitName Value="AcPersistent"/>
        <CursorPos X="15" Y="604"/>
        <TopLine Value="587"/>
        <EditorIndex Value="4"/>
        <UsageCount Value="11"/>
        <Loaded Value="True"/>
      </Unit2>
      <Unit3>
        <Filename Value="../../../andorracommons/AcNotify.pas"/>
        <UnitName Value="AcNotify"/>
        <CursorPos X="16" Y="254"/>
        <TopLine Value="237"/>
        <EditorIndex Value="5"/>
        <UsageCount Value="11"/>
        <Loaded Value="True"/>
      </Unit3>
      <Unit4>
        <Filename Value="../../../andorracommons/AcTypes.pas"/>
        <UnitName Value="AcTypes"/>
        <CursorPos X="28" Y="209"/>
        <TopLine Value="192"/>
        <EditorIndex Value="6"/>
        <UsageCount Value="11"/>
        <Loaded Value="True"/>
      </Unit4>
      <Unit5>
        <Filename Value="../../src/AuProtocolClasses.pas"/>
        <UnitName Value="AuProtocolClasses"/>
        <CursorPos X="53" Y="136"/>
        <TopLine Value="119"/>
        <EditorIndex Value="7"/>
        <UsageCount Value="11"/>
        <Loaded Value="True"/>
      </Unit5>
      <Unit6>
        <Filename Value="../../src/AuDecoderClasses.pas"/>
        <UnitName Value="AuDecoderClasses"/>
        <CursorPos X="94" Y="205"/>
        <TopLine Value="188"/>
        <EditorIndex Value="8"/>
        <UsageCount Value="11"/>
        <Loaded Value="True"/>
      </Unit6>
      <Unit7>
        <Filename Value="../../src/AuAnalyzerClasses.pas"/>
        <UnitName Value="AuAnalyzerClasses"/>
        <CursorPos X="46" Y="55"/>
        <TopLine Value="38"/>
        <EditorIndex Value="9"/>
        <UsageCount Value="11"/>
        <Loaded Value="True"/>
      </Unit7>
      <Unit8>
        <Filename Value="../../src/AuFiltergraph.pas"/>
        <UnitName Value="AuFiltergraph"/>
        <CursorPos X="45" Y="856"/>
        <TopLine Value="829"/>
        <EditorIndex Value="10"/>
        <UsageCount Value="11"/>
        <Loaded Value="True"/>
      </Unit8>
      <Unit9>
        <Filename Value="../../src/AuAudio.pas"/>
        <UnitName Value="AuAudio"/>
        <CursorPos X="27" Y="1324"/>
        <TopLine Value="1310"/>
        <EditorIndex Value="11"/>
        <UsageCount Value="11"/>
        <Loaded Value="True"/>
      </Unit9>
      <Unit10>
        <Filename Value="../../lib/alsa.pas"/>
        <UnitName Value="alsa"/>
        <CursorPos X="10" Y="277"/>
        <TopLine Value="250"/>
        <EditorIndex Value="3"/>
        <UsageCount Value="11"/>
        <Loaded Value="True"/>
      </Unit10>
      <Unit11>
        <Filename Value="../../src/AuFFT.pas"/>
        <UnitName Value="AuFFT"/>
        <CursorPos X="3" Y="145"/>
        <TopLine Value="128"/>
        <EditorIndex Value="2"/>
        <UsageCount Value="10"/>
        <Loaded Value="True"/>
      </Unit11>
    </Units>
    <JumpHistory Count="30" HistoryIndex="29">
      <Position1>
        <Filename Value="../../../andorracommons/AcPersistent.pas"/>
        <Caret Line="600" Column="15" TopLine="583"/>
      </Position1>
      <Position2>
        <Filename Value="../../../andorracommons/AcPersistent.pas"/>
        <Caret Line="561" Column="128" TopLine="544"/>
      </Position2>
      <Position3>
        <Filename Value="../../../andorracommons/AcPersistent.pas"/>
        <Caret Line="600" Column="15" TopLine="583"/>
      </Position3>
      <Position4>
        <Filename Value="../../../andorracommons/AcNotify.pas"/>
        <Caret Line="1" Column="1" TopLine="1"/>
      </Position4>
      <Position5>
        <Filename Value="../../../andorracommons/AcTypes.pas"/>
        <Caret Line="1" Column="1" TopLine="1"/>
      </Position5>
      <Position6>
        <Filename Value="../../../andorracommons/AcTypes.pas"/>
        <Caret Line="209" Column="28" TopLine="192"/>
      </Position6>
      <Position7>
        <Filename Value="../../src/AuProtocolClasses.pas"/>
        <Caret Line="1" Column="1" TopLine="1"/>
      </Position7>
      <Position8>
        <Filename Value="../../src/AuProtocolClasses.pas"/>
        <Caret Line="110" Column="21" TopLine="93"/>
      </Position8>
      <Position9>
        <Filename Value="../../src/AuProtocolClasses.pas"/>
        <Caret Line="136" Column="21" TopLine="119"/>
      </Position9>
      <Position10>
        <Filename Value="../../src/AuDecoderClasses.pas"/>
        <Caret Line="1" Column="1" TopLine="1"/>
      </Position10>
      <Position11>
        <Filename Value="../../src/AuAnalyzerClasses.pas"/>
        <Caret Line="1" Column="1" TopLine="1"/>
      </Position11>
      <Position12>
        <Filename Value="../../src/AuAnalyzerClasses.pas"/>
        <Caret Line="55" Column="46" TopLine="38"/>
      </Position12>
      <Position13>
        <Filename Value="../../src/AuFiltergraph.pas"/>
        <Caret Line="1" Column="1" TopLine="1"/>
      </Position13>
      <Position14>
        <Filename Value="../../src/AuFiltergraph.pas"/>
        <Caret Line="165" Column="29" TopLine="148"/>
      </Position14>
      <Position15>
        <Filename Value="../../src/AuFiltergraph.pas"/>
        <Caret Line="222" Column="28" TopLine="205"/>
      </Position15>
      <Position16>
        <Filename Value="../../src/AuAudio.pas"/>
        <Caret Line="1" Column="1" TopLine="1"/>
      </Position16>
      <Position17>
        <Filename Value="../../src/AuAudio.pas"/>
        <Caret Line="188" Column="51" TopLine="171"/>
      </Position17>
      <Position18>
        <Filename Value="../../src/AuAudio.pas"/>
        <Caret Line="760" Column="54" TopLine="743"/>
      </Position18>
      <Position19>
        <Filename Value="../../src/drivers/AuALSA.pas"/>
        <Caret Line="47" Column="5" TopLine="31"/>
      </Position19>
      <Position20>
        <Filename Value="../../lib/alsa.pas"/>
        <Caret Line="49" Column="10" TopLine="23"/>
      </Position20>
      <Position21>
        <Filename Value="../../lib/alsa.pas"/>
        <Caret Line="20" Column="36" TopLine="1"/>
      </Position21>
      <Position22>
        <Filename Value="../../lib/alsa.pas"/>
        <Caret Line="284" Column="41" TopLine="256"/>
      </Position22>
      <Position23>
        <Filename Value="../../src/drivers/AuALSA.pas"/>
        <Caret Line="167" Column="13" TopLine="150"/>
      </Position23>
      <Position24>
        <Filename Value="../../src/drivers/AuALSA.pas"/>
        <Caret Line="163" Column="8" TopLine="150"/>
      </Position24>
      <Position25>
        <Filename Value="../../src/drivers/AuALSA.pas"/>
        <Caret Line="161" Column="15" TopLine="149"/>
      </Position25>
      <Position26>
        <Filename Value="../../src/AuFFT.pas"/>
        <Caret Line="1" Column="1" TopLine="1"/>
      </Position26>
      <Position27>
        <Filename Value="../../src/AuAudio.pas"/>
        <Caret Line="757" Column="85" TopLine="743"/>
      </Position27>
      <Position28>
        <Filename Value="../../src/AuAudio.pas"/>
        <Caret Line="1327" Column="16" TopLine="1310"/>
      </Position28>
      <Position29>
        <Filename Value="consolebased.dpr"/>
        <Caret Line="120" Column="1" TopLine="85"/>
      </Position29>
      <Position30>
        <Filename Value="consolebased.dpr"/>
        <Caret Line="154" Column="1" TopLine="130"/>
      </Position30>
    </JumpHistory>
  </ProjectOptions>
  <CompilerOptions>
    <Version Value="8"/>
    <Target>
      <Filename Value="../../bin/consolebased.exe"/>
    </Target>
    <SearchPaths>
      <IncludeFiles Value="$(ProjOutDir)/;../../../andorracommons/;../../src/"/>
      <OtherUnitFiles Value="../../src/;../../src/protocols/;../../src/drivers/;../../src/decoders/;../../lib/;../../../andorracommons/"/>
      <UnitOutputDirectory Value="../../src/dcu"/>
    </SearchPaths>
    <Other>
      <CompilerMessages>
        <UseMsgFile Value="True"/>
      </CompilerMessages>
      <CompilerPath Value="$(CompPath)"/>
    </Other>
  </CompilerOptions>
  <Debugging>
    <Exceptions Count="3">
      <Item1>
        <Name Value="EAbort"/>
      </Item1>
      <Item2>
        <Name Value="ECodetoolError"/>
      </Item2>
      <Item3>
        <Name Value="EFOpenError"/>
      </Item3>
    </Exceptions>
  </Debugging>
</CONFIG>
